PODS:
  - Kingfisher (7.2.1)
  - lottie-ios (3.3.0)
  - ReachabilitySwift (5.0.0)

DEPENDENCIES:
  - Kingfisher (~> 7.0)
  - lottie-ios
  - ReachabilitySwift

SPEC REPOS:
  trunk:
    - Kingfisher
    - lottie-ios
    - ReachabilitySwift

SPEC CHECKSUMS:
  Kingfisher: 7c084bebf7d548c623ad41bcf765fb200efed369
  lottie-ios: 6ac74dcc09904798f59b18cb3075c089d76be9ae
  ReachabilitySwift: 985039c6f7b23a1da463388634119492ff86c825

PODFILE CHECKSUM: 5f1a802faca7e3c2bb0a5f79e16532711df79be2

COCOAPODS: 1.11.3
